
Microsoft Visual Studio Solution File, Format Version 12.00
# Visual Studio Version 17
VisualStudioVersion = 17.0.32112.339
MinimumVisualStudioVersion = 10.0.40219.1
Project("{9A19103F-16F7-4668-BE54-9A1E7A4F7556}") = "BuildingWorks", "BuildingWorks.csproj", "{1463B044-D678-49C2-B5AC-A7F6447DB801}"
EndProject
Project("{9A19103F-16F7-4668-BE54-9A1E7A4F7556}") = "BuildingWorksService", "..\Портфолио\BuildingWorksService\BuildingWorksService\BuildingWorksService.csproj", "{DD9FAC34-B30B-4952-9A7A-1FDF3F79AC3D}"
EndProject
Project("{9A19103F-16F7-4668-BE54-9A1E7A4F7556}") = "BuildingWorks.Services", "..\Портфолио\BuildingWorksService\BuildingWorks.Services\BuildingWorks.Services.csproj", "{284FF74A-4577-41E5-B06E-B0CF21389A45}"
EndProject
Project("{9A19103F-16F7-4668-BE54-9A1E7A4F7556}") = "BuildingWorks.Repositories", "..\Портфолио\BuildingWorksService\BuildingWorks.Repositories\BuildingWorks.Repositories.csproj", "{2639D937-87B7-41C1-9CA0-FCF7033B55D5}"
EndProject
Project("{9A19103F-16F7-4668-BE54-9A1E7A4F7556}") = "BuildingWorks.Profilers", "..\Портфолио\BuildingWorksService\BuildingWorks.Profilers\BuildingWorks.Profilers.csproj", "{39E5A09A-624A-47F6-B8D3-19DA727856C0}"
EndProject
Project("{9A19103F-16F7-4668-BE54-9A1E7A4F7556}") = "BuildingWorks.Common", "..\Портфолио\BuildingWorksService\BuildingWorks.Interfaces\BuildingWorks.Common.csproj", "{4175B09C-A4DA-468A-88F6-BB56256FB7B6}"
EndProject
Project("{9A19103F-16F7-4668-BE54-9A1E7A4F7556}") = "BuildingWorks.Databasable", "..\Портфолио\BuildingWorksService\BuildingWorks.Databasable\BuildingWorks.Databasable.csproj", "{7D8B2D41-DFE7-4C84-958C-0E81432C71AB}"
EndProject
Project("{9A19103F-16F7-4668-BE54-9A1E7A4F7556}") = "BuildingWorks.Models", "..\Портфолио\BuildingWorksService\Models\BuildingWorks.Models.csproj", "{3DD53526-2B77-4EF1-A898-F69194BEB6A4}"
EndProject
Global
	GlobalSection(SolutionConfigurationPlatforms) = preSolution
		Debug|Any CPU = Debug|Any CPU
		Debug|ARM = Debug|ARM
		Debug|ARM64 = Debug|ARM64
		Debug|x64 = Debug|x64
		Debug|x86 = Debug|x86
		Release|Any CPU = Release|Any CPU
		Release|ARM = Release|ARM
		Release|ARM64 = Release|ARM64
		Release|x64 = Release|x64
		Release|x86 = Release|x86
	EndGlobalSection
	GlobalSection(ProjectConfigurationPlatforms) = postSolution
		{1463B044-D678-49C2-B5AC-A7F6447DB801}.Debug|Any CPU.ActiveCfg = Debug|Any CPU
		{1463B044-D678-49C2-B5AC-A7F6447DB801}.Debug|Any CPU.Build.0 = Debug|Any CPU
		{1463B044-D678-49C2-B5AC-A7F6447DB801}.Debug|ARM.ActiveCfg = Debug|Any CPU
		{1463B044-D678-49C2-B5AC-A7F6447DB801}.Debug|ARM.Build.0 = Debug|Any CPU
		{1463B044-D678-49C2-B5AC-A7F6447DB801}.Debug|ARM64.ActiveCfg = Debug|Any CPU
		{1463B044-D678-49C2-B5AC-A7F6447DB801}.Debug|ARM64.Build.0 = Debug|Any CPU
		{1463B044-D678-49C2-B5AC-A7F6447DB801}.Debug|x64.ActiveCfg = Debug|Any CPU
		{1463B044-D678-49C2-B5AC-A7F6447DB801}.Debug|x64.Build.0 = Debug|Any CPU
		{1463B044-D678-49C2-B5AC-A7F6447DB801}.Debug|x86.ActiveCfg = Debug|Any CPU
		{1463B044-D678-49C2-B5AC-A7F6447DB801}.Debug|x86.Build.0 = Debug|Any CPU
		{1463B044-D678-49C2-B5AC-A7F6447DB801}.Release|Any CPU.ActiveCfg = Release|Any CPU
		{1463B044-D678-49C2-B5AC-A7F6447DB801}.Release|Any CPU.Build.0 = Release|Any CPU
		{1463B044-D678-49C2-B5AC-A7F6447DB801}.Release|ARM.ActiveCfg = Release|Any CPU
		{1463B044-D678-49C2-B5AC-A7F6447DB801}.Release|ARM.Build.0 = Release|Any CPU
		{1463B044-D678-49C2-B5AC-A7F6447DB801}.Release|ARM64.ActiveCfg = Release|Any CPU
		{1463B044-D678-49C2-B5AC-A7F6447DB801}.Release|ARM64.Build.0 = Release|Any CPU
		{1463B044-D678-49C2-B5AC-A7F6447DB801}.Release|x64.ActiveCfg = Release|Any CPU
		{1463B044-D678-49C2-B5AC-A7F6447DB801}.Release|x64.Build.0 = Release|Any CPU
		{1463B044-D678-49C2-B5AC-A7F6447DB801}.Release|x86.ActiveCfg = Release|Any CPU
		{1463B044-D678-49C2-B5AC-A7F6447DB801}.Release|x86.Build.0 = Release|Any CPU
		{DD9FAC34-B30B-4952-9A7A-1FDF3F79AC3D}.Debug|Any CPU.ActiveCfg = Debug|Any CPU
		{DD9FAC34-B30B-4952-9A7A-1FDF3F79AC3D}.Debug|Any CPU.Build.0 = Debug|Any CPU
		{DD9FAC34-B30B-4952-9A7A-1FDF3F79AC3D}.Debug|ARM.ActiveCfg = Debug|Any CPU
		{DD9FAC34-B30B-4952-9A7A-1FDF3F79AC3D}.Debug|ARM.Build.0 = Debug|Any CPU
		{DD9FAC34-B30B-4952-9A7A-1FDF3F79AC3D}.Debug|ARM64.ActiveCfg = Debug|Any CPU
		{DD9FAC34-B30B-4952-9A7A-1FDF3F79AC3D}.Debug|ARM64.Build.0 = Debug|Any CPU
		{DD9FAC34-B30B-4952-9A7A-1FDF3F79AC3D}.Debug|x64.ActiveCfg = Debug|Any CPU
		{DD9FAC34-B30B-4952-9A7A-1FDF3F79AC3D}.Debug|x64.Build.0 = Debug|Any CPU
		{DD9FAC34-B30B-4952-9A7A-1FDF3F79AC3D}.Debug|x86.ActiveCfg = Debug|Any CPU
		{DD9FAC34-B30B-4952-9A7A-1FDF3F79AC3D}.Debug|x86.Build.0 = Debug|Any CPU
		{DD9FAC34-B30B-4952-9A7A-1FDF3F79AC3D}.Release|Any CPU.ActiveCfg = Release|Any CPU
		{DD9FAC34-B30B-4952-9A7A-1FDF3F79AC3D}.Release|Any CPU.Build.0 = Release|Any CPU
		{DD9FAC34-B30B-4952-9A7A-1FDF3F79AC3D}.Release|ARM.ActiveCfg = Release|Any CPU
		{DD9FAC34-B30B-4952-9A7A-1FDF3F79AC3D}.Release|ARM.Build.0 = Release|Any CPU
		{DD9FAC34-B30B-4952-9A7A-1FDF3F79AC3D}.Release|ARM64.ActiveCfg = Release|Any CPU
		{DD9FAC34-B30B-4952-9A7A-1FDF3F79AC3D}.Release|ARM64.Build.0 = Release|Any CPU
		{DD9FAC34-B30B-4952-9A7A-1FDF3F79AC3D}.Release|x64.ActiveCfg = Release|Any CPU
		{DD9FAC34-B30B-4952-9A7A-1FDF3F79AC3D}.Release|x64.Build.0 = Release|Any CPU
		{DD9FAC34-B30B-4952-9A7A-1FDF3F79AC3D}.Release|x86.ActiveCfg = Release|Any CPU
		{DD9FAC34-B30B-4952-9A7A-1FDF3F79AC3D}.Release|x86.Build.0 = Release|Any CPU
		{284FF74A-4577-41E5-B06E-B0CF21389A45}.Debug|Any CPU.ActiveCfg = Debug|Any CPU
		{284FF74A-4577-41E5-B06E-B0CF21389A45}.Debug|Any CPU.Build.0 = Debug|Any CPU
		{284FF74A-4577-41E5-B06E-B0CF21389A45}.Debug|ARM.ActiveCfg = Debug|Any CPU
		{284FF74A-4577-41E5-B06E-B0CF21389A45}.Debug|ARM.Build.0 = Debug|Any CPU
		{284FF74A-4577-41E5-B06E-B0CF21389A45}.Debug|ARM64.ActiveCfg = Debug|Any CPU
		{284FF74A-4577-41E5-B06E-B0CF21389A45}.Debug|ARM64.Build.0 = Debug|Any CPU
		{284FF74A-4577-41E5-B06E-B0CF21389A45}.Debug|x64.ActiveCfg = Debug|Any CPU
		{284FF74A-4577-41E5-B06E-B0CF21389A45}.Debug|x64.Build.0 = Debug|Any CPU
		{284FF74A-4577-41E5-B06E-B0CF21389A45}.Debug|x86.ActiveCfg = Debug|Any CPU
		{284FF74A-4577-41E5-B06E-B0CF21389A45}.Debug|x86.Build.0 = Debug|Any CPU
		{284FF74A-4577-41E5-B06E-B0CF21389A45}.Release|Any CPU.ActiveCfg = Release|Any CPU
		{284FF74A-4577-41E5-B06E-B0CF21389A45}.Release|Any CPU.Build.0 = Release|Any CPU
		{284FF74A-4577-41E5-B06E-B0CF21389A45}.Release|ARM.ActiveCfg = Release|Any CPU
		{284FF74A-4577-41E5-B06E-B0CF21389A45}.Release|ARM.Build.0 = Release|Any CPU
		{284FF74A-4577-41E5-B06E-B0CF21389A45}.Release|ARM64.ActiveCfg = Release|Any CPU
		{284FF74A-4577-41E5-B06E-B0CF21389A45}.Release|ARM64.Build.0 = Release|Any CPU
		{284FF74A-4577-41E5-B06E-B0CF21389A45}.Release|x64.ActiveCfg = Release|Any CPU
		{284FF74A-4577-41E5-B06E-B0CF21389A45}.Release|x64.Build.0 = Release|Any CPU
		{284FF74A-4577-41E5-B06E-B0CF21389A45}.Release|x86.ActiveCfg = Release|Any CPU
		{284FF74A-4577-41E5-B06E-B0CF21389A45}.Release|x86.Build.0 = Release|Any CPU
		{2639D937-87B7-41C1-9CA0-FCF7033B55D5}.Debug|Any CPU.ActiveCfg = Debug|Any CPU
		{2639D937-87B7-41C1-9CA0-FCF7033B55D5}.Debug|Any CPU.Build.0 = Debug|Any CPU
		{2639D937-87B7-41C1-9CA0-FCF7033B55D5}.Debug|ARM.ActiveCfg = Debug|Any CPU
		{2639D937-87B7-41C1-9CA0-FCF7033B55D5}.Debug|ARM.Build.0 = Debug|Any CPU
		{2639D937-87B7-41C1-9CA0-FCF7033B55D5}.Debug|ARM64.ActiveCfg = Debug|Any CPU
		{2639D937-87B7-41C1-9CA0-FCF7033B55D5}.Debug|ARM64.Build.0 = Debug|Any CPU
		{2639D937-87B7-41C1-9CA0-FCF7033B55D5}.Debug|x64.ActiveCfg = Debug|Any CPU
		{2639D937-87B7-41C1-9CA0-FCF7033B55D5}.Debug|x64.Build.0 = Debug|Any CPU
		{2639D937-87B7-41C1-9CA0-FCF7033B55D5}.Debug|x86.ActiveCfg = Debug|Any CPU
		{2639D937-87B7-41C1-9CA0-FCF7033B55D5}.Debug|x86.Build.0 = Debug|Any CPU
		{2639D937-87B7-41C1-9CA0-FCF7033B55D5}.Release|Any CPU.ActiveCfg = Release|Any CPU
		{2639D937-87B7-41C1-9CA0-FCF7033B55D5}.Release|Any CPU.Build.0 = Release|Any CPU
		{2639D937-87B7-41C1-9CA0-FCF7033B55D5}.Release|ARM.ActiveCfg = Release|Any CPU
		{2639D937-87B7-41C1-9CA0-FCF7033B55D5}.Release|ARM.Build.0 = Release|Any CPU
		{2639D937-87B7-41C1-9CA0-FCF7033B55D5}.Release|ARM64.ActiveCfg = Release|Any CPU
		{2639D937-87B7-41C1-9CA0-FCF7033B55D5}.Release|ARM64.Build.0 = Release|Any CPU
		{2639D937-87B7-41C1-9CA0-FCF7033B55D5}.Release|x64.ActiveCfg = Release|Any CPU
		{2639D937-87B7-41C1-9CA0-FCF7033B55D5}.Release|x64.Build.0 = Release|Any CPU
		{2639D937-87B7-41C1-9CA0-FCF7033B55D5}.Release|x86.ActiveCfg = Release|Any CPU
		{2639D937-87B7-41C1-9CA0-FCF7033B55D5}.Release|x86.Build.0 = Release|Any CPU
		{39E5A09A-624A-47F6-B8D3-19DA727856C0}.Debug|Any CPU.ActiveCfg = Debug|Any CPU
		{39E5A09A-624A-47F6-B8D3-19DA727856C0}.Debug|Any CPU.Build.0 = Debug|Any CPU
		{39E5A09A-624A-47F6-B8D3-19DA727856C0}.Debug|ARM.ActiveCfg = Debug|Any CPU
		{39E5A09A-624A-47F6-B8D3-19DA727856C0}.Debug|ARM.Build.0 = Debug|Any CPU
		{39E5A09A-624A-47F6-B8D3-19DA727856C0}.Debug|ARM64.ActiveCfg = Debug|Any CPU
		{39E5A09A-624A-47F6-B8D3-19DA727856C0}.Debug|ARM64.Build.0 = Debug|Any CPU
		{39E5A09A-624A-47F6-B8D3-19DA727856C0}.Debug|x64.ActiveCfg = Debug|Any CPU
		{39E5A09A-624A-47F6-B8D3-19DA727856C0}.Debug|x64.Build.0 = Debug|Any CPU
		{39E5A09A-624A-47F6-B8D3-19DA727856C0}.Debug|x86.ActiveCfg = Debug|Any CPU
		{39E5A09A-624A-47F6-B8D3-19DA727856C0}.Debug|x86.Build.0 = Debug|Any CPU
		{39E5A09A-624A-47F6-B8D3-19DA727856C0}.Release|Any CPU.ActiveCfg = Release|Any CPU
		{39E5A09A-624A-47F6-B8D3-19DA727856C0}.Release|Any CPU.Build.0 = Release|Any CPU
		{39E5A09A-624A-47F6-B8D3-19DA727856C0}.Release|ARM.ActiveCfg = Release|Any CPU
		{39E5A09A-624A-47F6-B8D3-19DA727856C0}.Release|ARM.Build.0 = Release|Any CPU
		{39E5A09A-624A-47F6-B8D3-19DA727856C0}.Release|ARM64.ActiveCfg = Release|Any CPU
		{39E5A09A-624A-47F6-B8D3-19DA727856C0}.Release|ARM64.Build.0 = Release|Any CPU
		{39E5A09A-624A-47F6-B8D3-19DA727856C0}.Release|x64.ActiveCfg = Release|Any CPU
		{39E5A09A-624A-47F6-B8D3-19DA727856C0}.Release|x64.Build.0 = Release|Any CPU
		{39E5A09A-624A-47F6-B8D3-19DA727856C0}.Release|x86.ActiveCfg = Release|Any CPU
		{39E5A09A-624A-47F6-B8D3-19DA727856C0}.Release|x86.Build.0 = Release|Any CPU
		{4175B09C-A4DA-468A-88F6-BB56256FB7B6}.Debug|Any CPU.ActiveCfg = Debug|Any CPU
		{4175B09C-A4DA-468A-88F6-BB56256FB7B6}.Debug|Any CPU.Build.0 = Debug|Any CPU
		{4175B09C-A4DA-468A-88F6-BB56256FB7B6}.Debug|ARM.ActiveCfg = Debug|Any CPU
		{4175B09C-A4DA-468A-88F6-BB56256FB7B6}.Debug|ARM.Build.0 = Debug|Any CPU
		{4175B09C-A4DA-468A-88F6-BB56256FB7B6}.Debug|ARM64.ActiveCfg = Debug|Any CPU
		{4175B09C-A4DA-468A-88F6-BB56256FB7B6}.Debug|ARM64.Build.0 = Debug|Any CPU
		{4175B09C-A4DA-468A-88F6-BB56256FB7B6}.Debug|x64.ActiveCfg = Debug|Any CPU
		{4175B09C-A4DA-468A-88F6-BB56256FB7B6}.Debug|x64.Build.0 = Debug|Any CPU
		{4175B09C-A4DA-468A-88F6-BB56256FB7B6}.Debug|x86.ActiveCfg = Debug|Any CPU
		{4175B09C-A4DA-468A-88F6-BB56256FB7B6}.Debug|x86.Build.0 = Debug|Any CPU
		{4175B09C-A4DA-468A-88F6-BB56256FB7B6}.Release|Any CPU.ActiveCfg = Release|Any CPU
		{4175B09C-A4DA-468A-88F6-BB56256FB7B6}.Release|Any CPU.Build.0 = Release|Any CPU
		{4175B09C-A4DA-468A-88F6-BB56256FB7B6}.Release|ARM.ActiveCfg = Release|Any CPU
		{4175B09C-A4DA-468A-88F6-BB56256FB7B6}.Release|ARM.Build.0 = Release|Any CPU
		{4175B09C-A4DA-468A-88F6-BB56256FB7B6}.Release|ARM64.ActiveCfg = Release|Any CPU
		{4175B09C-A4DA-468A-88F6-BB56256FB7B6}.Release|ARM64.Build.0 = Release|Any CPU
		{4175B09C-A4DA-468A-88F6-BB56256FB7B6}.Release|x64.ActiveCfg = Release|Any CPU
		{4175B09C-A4DA-468A-88F6-BB56256FB7B6}.Release|x64.Build.0 = Release|Any CPU
		{4175B09C-A4DA-468A-88F6-BB56256FB7B6}.Release|x86.ActiveCfg = Release|Any CPU
		{4175B09C-A4DA-468A-88F6-BB56256FB7B6}.Release|x86.Build.0 = Release|Any CPU
		{7D8B2D41-DFE7-4C84-958C-0E81432C71AB}.Debug|Any CPU.ActiveCfg = Debug|Any CPU
		{7D8B2D41-DFE7-4C84-958C-0E81432C71AB}.Debug|Any CPU.Build.0 = Debug|Any CPU
		{7D8B2D41-DFE7-4C84-958C-0E81432C71AB}.Debug|ARM.ActiveCfg = Debug|Any CPU
		{7D8B2D41-DFE7-4C84-958C-0E81432C71AB}.Debug|ARM.Build.0 = Debug|Any CPU
		{7D8B2D41-DFE7-4C84-958C-0E81432C71AB}.Debug|ARM64.ActiveCfg = Debug|Any CPU
		{7D8B2D41-DFE7-4C84-958C-0E81432C71AB}.Debug|ARM64.Build.0 = Debug|Any CPU
		{7D8B2D41-DFE7-4C84-958C-0E81432C71AB}.Debug|x64.ActiveCfg = Debug|Any CPU
		{7D8B2D41-DFE7-4C84-958C-0E81432C71AB}.Debug|x64.Build.0 = Debug|Any CPU
		{7D8B2D41-DFE7-4C84-958C-0E81432C71AB}.Debug|x86.ActiveCfg = Debug|Any CPU
		{7D8B2D41-DFE7-4C84-958C-0E81432C71AB}.Debug|x86.Build.0 = Debug|Any CPU
		{7D8B2D41-DFE7-4C84-958C-0E81432C71AB}.Release|Any CPU.ActiveCfg = Release|Any CPU
		{7D8B2D41-DFE7-4C84-958C-0E81432C71AB}.Release|Any CPU.Build.0 = Release|Any CPU
		{7D8B2D41-DFE7-4C84-958C-0E81432C71AB}.Release|ARM.ActiveCfg = Release|Any CPU
		{7D8B2D41-DFE7-4C84-958C-0E81432C71AB}.Release|ARM.Build.0 = Release|Any CPU
		{7D8B2D41-DFE7-4C84-958C-0E81432C71AB}.Release|ARM64.ActiveCfg = Release|Any CPU
		{7D8B2D41-DFE7-4C84-958C-0E81432C71AB}.Release|ARM64.Build.0 = Release|Any CPU
		{7D8B2D41-DFE7-4C84-958C-0E81432C71AB}.Release|x64.ActiveCfg = Release|Any CPU
		{7D8B2D41-DFE7-4C84-958C-0E81432C71AB}.Release|x64.Build.0 = Release|Any CPU
		{7D8B2D41-DFE7-4C84-958C-0E81432C71AB}.Release|x86.ActiveCfg = Release|Any CPU
		{7D8B2D41-DFE7-4C84-958C-0E81432C71AB}.Release|x86.Build.0 = Release|Any CPU
		{3DD53526-2B77-4EF1-A898-F69194BEB6A4}.Debug|Any CPU.ActiveCfg = Debug|Any CPU
		{3DD53526-2B77-4EF1-A898-F69194BEB6A4}.Debug|Any CPU.Build.0 = Debug|Any CPU
		{3DD53526-2B77-4EF1-A898-F69194BEB6A4}.Debug|ARM.ActiveCfg = Debug|Any CPU
		{3DD53526-2B77-4EF1-A898-F69194BEB6A4}.Debug|ARM.Build.0 = Debug|Any CPU
		{3DD53526-2B77-4EF1-A898-F69194BEB6A4}.Debug|ARM64.ActiveCfg = Debug|Any CPU
		{3DD53526-2B77-4EF1-A898-F69194BEB6A4}.Debug|ARM64.Build.0 = Debug|Any CPU
		{3DD53526-2B77-4EF1-A898-F69194BEB6A4}.Debug|x64.ActiveCfg = Debug|Any CPU
		{3DD53526-2B77-4EF1-A898-F69194BEB6A4}.Debug|x64.Build.0 = Debug|Any CPU
		{3DD53526-2B77-4EF1-A898-F69194BEB6A4}.Debug|x86.ActiveCfg = Debug|Any CPU
		{3DD53526-2B77-4EF1-A898-F69194BEB6A4}.Debug|x86.Build.0 = Debug|Any CPU
		{3DD53526-2B77-4EF1-A898-F69194BEB6A4}.Release|Any CPU.ActiveCfg = Release|Any CPU
		{3DD53526-2B77-4EF1-A898-F69194BEB6A4}.Release|Any CPU.Build.0 = Release|Any CPU
		{3DD53526-2B77-4EF1-A898-F69194BEB6A4}.Release|ARM.ActiveCfg = Release|Any CPU
		{3DD53526-2B77-4EF1-A898-F69194BEB6A4}.Release|ARM.Build.0 = Release|Any CPU
		{3DD53526-2B77-4EF1-A898-F69194BEB6A4}.Release|ARM64.ActiveCfg = Release|Any CPU
		{3DD53526-2B77-4EF1-A898-F69194BEB6A4}.Release|ARM64.Build.0 = Release|Any CPU
		{3DD53526-2B77-4EF1-A898-F69194BEB6A4}.Release|x64.ActiveCfg = Release|Any CPU
		{3DD53526-2B77-4EF1-A898-F69194BEB6A4}.Release|x64.Build.0 = Release|Any CPU
		{3DD53526-2B77-4EF1-A898-F69194BEB6A4}.Release|x86.ActiveCfg = Release|Any CPU
		{3DD53526-2B77-4EF1-A898-F69194BEB6A4}.Release|x86.Build.0 = Release|Any CPU
	EndGlobalSection
	GlobalSection(SolutionProperties) = preSolution
		HideSolutionNode = FALSE
	EndGlobalSection
	GlobalSection(ExtensibilityGlobals) = postSolution
		SolutionGuid = {796B8E51-D4E5-4283-95A8-9114E69DEB7C}
	EndGlobalSection
EndGlobal
